{
  "requires": true,
  "lockfileVersion": 1,
  "dependencies": {
    "rellax": {
      "version": "1.9.1",
      "resolved": "https://registry.npmjs.org/rellax/-/rellax-1.9.1.tgz",
      "integrity": "sha512-z1wQwbmVYy3NoVbNxdnYyXyUG/2wBpyKPSsoFhb44Tv5mooSueqURcksHxO9zarm2adFob6qT5xMtpb30F0iVA=="
    }
  }
}
